// !$*UTF8*$!
{
	archiveVersion = 1;
	classes = {
	};
	objectVersion = 50;
	objects = {

/* Begin PBXBuildFile section */
		AF3785E125A7388A0077C94C /* AppDelegate.swift in Sources */ = {isa = PBXBuildFile; fileRef = AF3785E025A7388A0077C94C /* AppDelegate.swift */; };
		AF3785E325A7388A0077C94C /* SceneDelegate.swift in Sources */ = {isa = PBXBuildFile; fileRef = AF3785E225A7388A0077C94C /* SceneDelegate.swift */; };
		AF3785E525A7388A0077C94C /* ViewController.swift in Sources */ = {isa = PBXBuildFile; fileRef = AF3785E425A7388A0077C94C /* ViewController.swift */; };
		AF3785EB25A7388A0077C94C /* PracticeFlux.xcdatamodeld in Sources */ = {isa = PBXBuildFile; fileRef = AF3785E925A7388A0077C94C /* PracticeFlux.xcdatamodeld */; };
		AF3785ED25A7388B0077C94C /* Assets.xcassets in Resources */ = {isa = PBXBuildFile; fileRef = AF3785EC25A7388B0077C94C /* Assets.xcassets */; };
		AF3785F025A7388B0077C94C /* LaunchScreen.storyboard in Resources */ = {isa = PBXBuildFile; fileRef = AF3785EE25A7388B0077C94C /* LaunchScreen.storyboard */; };
		AF3785FB25A7388B0077C94C /* PracticeFluxTests.swift in Sources */ = {isa = PBXBuildFile; fileRef = AF3785FA25A7388B0077C94C /* PracticeFluxTests.swift */; };
		AF37860625A7388B0077C94C /* PracticeFluxUITests.swift in Sources */ = {isa = PBXBuildFile; fileRef = AF37860525A7388B0077C94C /* PracticeFluxUITests.swift */; };
/* End PBXBuildFile section */

/* Begin PBXContainerItemProxy section */
		AF3785F725A7388B0077C94C /* PBXContainerItemProxy */ = {
			isa = PBXContainerItemProxy;
			containerPortal = AF3785D525A7388A0077C94C /* Project object */;
			proxyType = 1;
			remoteGlobalIDString = AF3785DC25A7388A0077C94C;
			remoteInfo = PracticeFlux;
		};
		AF37860225A7388B0077C94C /* PBXContainerItemProxy */ = {
			isa = PBXContainerItemProxy;
			containerPortal = AF3785D525A7388A0077C94C /* Project object */;
			proxyType = 1;
			remoteGlobalIDString = AF3785DC25A7388A0077C94C;
			remoteInfo = PracticeFlux;
		};
/* End PBXContainerItemProxy section */

/* Begin PBXFileReference section */
		AF3785DD25A7388A0077C94C /* PracticeFlux.app */ = {isa = PBXFileReference; explicitFileType = wrapper.application; includeInIndex = 0; path = PracticeFlux.app; sourceTree = BUILT_PRODUCTS_DIR; };
		AF3785E025A7388A0077C94C /* AppDelegate.swift */ = {isa = PBXFileReference; lastKnownFileType = sourcecode.swift; path = AppDelegate.swift; sourceTree = "<group>"; };
		AF3785E225A7388A0077C94C /* SceneDelegate.swift */ = {isa = PBXFileReference; lastKnownFileType = sourcecode.swift; path = SceneDelegate.swift; sourceTree = "<group>"; };
		AF3785E425A7388A0077C94C /* ViewController.swift */ = {isa = PBXFileReference; lastKnownFileType = sourcecode.swift; path = ViewController.swift; sourceTree = "<group>"; };
		AF3785EA25A7388A0077C94C /* PracticeFlux.xcdatamodel */ = {isa = PBXFileReference; lastKnownFileType = wrapper.xcdatamodel; path = PracticeFlux.xcdatamodel; sourceTree = "<group>"; };
		AF3785EC25A7388B0077C94C /* Assets.xcassets */ = {isa = PBXFileReference; lastKnownFileType = folder.assetcatalog; path = Assets.xcassets; sourceTree = "<group>"; };
		AF3785EF25A7388B0077C94C /* Base */ = {isa = PBXFileReference; lastKnownFileType = file.storyboard; name = Base; path = Base.lproj/LaunchScreen.storyboard; sourceTree = "<group>"; };
		AF3785F125A7388B0077C94C /* Info.plist */ = {isa = PBXFileReference; lastKnownFileType = text.plist.xml; path = Info.plist; sourceTree = "<group>"; };
		AF3785F625A7388B0077C94C /* PracticeFluxTests.xctest */ = {isa = PBXFileReference; explicitFileType = wrapper.cfbundle; includeInIndex = 0; path = PracticeFluxTests.xctest; sourceTree = BUILT_PRODUCTS_DIR; };
		AF3785FA25A7388B0077C94C /* PracticeFluxTests.swift */ = {isa = PBXFileReference; lastKnownFileType = sourcecode.swift; path = PracticeFluxTests.swift; sourceTree = "<group>"; };
		AF3785FC25A7388B0077C94C /* Info.plist */ = {isa = PBXFileReference; lastKnownFileType = text.plist.xml; path = Info.plist; sourceTree = "<group>"; };
		AF37860125A7388B0077C94C /* PracticeFluxUITests.xctest */ = {isa = PBXFileReference; explicitFileType = wrapper.cfbundle; includeInIndex = 0; path = PracticeFluxUITests.xctest; sourceTree = BUILT_PRODUCTS_DIR; };
		AF37860525A7388B0077C94C /* PracticeFluxUITests.swift */ = {isa = PBXFileReference; lastKnownFileType = sourcecode.swift; path = PracticeFluxUITests.swift; sourceTree = "<group>"; };
		AF37860725A7388B0077C94C /* Info.plist */ = {isa = PBXFileReference; lastKnownFileType = text.plist.xml; path = Info.plist; sourceTree = "<group>"; };
/* End PBXFileReference section */

/* Begin PBXFrameworksBuildPhase section */
		AF3785DA25A7388A0077C94C /* Frameworks */ = {
			isa = PBXFrameworksBuildPhase;
			buildActionMask = 2147483647;
			files = (
			);
			runOnlyForDeploymentPostprocessing = 0;
		};
		AF3785F325A7388B0077C94C /* Frameworks */ = {
			isa = PBXFrameworksBuildPhase;
			buildActionMask = 2147483647;
			files = (
			);
			runOnlyForDeploymentPostprocessing = 0;
		};
		AF3785FE25A7388B0077C94C /* Frameworks */ = {
			isa = PBXFrameworksBuildPhase;
			buildActionMask = 2147483647;
			files = (
			);
			runOnlyForDeploymentPostprocessing = 0;
		};
/* End PBXFrameworksBuildPhase section */

/* Begin PBXGroup section */
		AF3785D425A7388A0077C94C = {
			isa = PBXGroup;
			children = (
				AF3785DF25A7388A0077C94C /* PracticeFlux */,
				AF3785F925A7388B0077C94C /* PracticeFluxTests */,
				AF37860425A7388B0077C94C /* PracticeFluxUITests */,
				AF3785DE25A7388A0077C94C /* Products */,
			);
			sourceTree = "<group>";
		};
		AF3785DE25A7388A0077C94C /* Products */ = {
			isa = PBXGroup;
			children = (
				AF3785DD25A7388A0077C94C /* PracticeFlux.app */,
				AF3785F625A7388B0077C94C /* PracticeFluxTests.xctest */,
				AF37860125A7388B0077C94C /* PracticeFluxUITests.xctest */,
			);
			name = Products;
			sourceTree = "<group>";
		};
		AF3785DF25A7388A0077C94C /* PracticeFlux */ = {
			isa = PBXGroup;
			children = (
				AF3785E025A7388A0077C94C /* AppDelegate.swift */,
				AF3785E225A7388A0077C94C /* SceneDelegate.swift */,
				AF3785E425A7388A0077C94C /* ViewController.swift */,
				AF3785EC25A7388B0077C94C /* Assets.xcassets */,
				AF3785EE25A7388B0077C94C /* LaunchScreen.storyboard */,
				AF3785F125A7388B0077C94C /* Info.plist */,
				AF3785E925A7388A0077C94C /* PracticeFlux.xcdatamodeld */,
			);
			path = PracticeFlux;
			sourceTree = "<group>";
		};
		AF3785F925A7388B0077C94C /* PracticeFluxTests */ = {
			isa = PBXGroup;
			children = (
				AF3785FA25A7388B0077C94C /* PracticeFluxTests.swift */,
				AF3785FC25A7388B0077C94C /* Info.plist */,
			);
			path = PracticeFluxTests;
			sourceTree = "<group>";
		};
		AF37860425A7388B0077C94C /* PracticeFluxUITests */ = {
			isa = PBXGroup;
			children = (
				AF37860525A7388B0077C94C /* PracticeFluxUITests.swift */,
				AF37860725A7388B0077C94C /* Info.plist */,
			);
			path = PracticeFluxUITests;
			sourceTree = "<group>";
		};
/* End PBXGroup section */

/* Begin PBXNativeTarget section */
		AF3785DC25A7388A0077C94C /* PracticeFlux */ = {
			isa = PBXNativeTarget;
			buildConfigurationList = AF37860A25A7388B0077C94C /* Build configuration list for PBXNativeTarget "PracticeFlux" */;
			buildPhases = (
				AF3785D925A7388A0077C94C /* Sources */,
				AF3785DA25A7388A0077C94C /* Frameworks */,
				AF3785DB25A7388A0077C94C /* Resources */,
			);
			buildRules = (
			);
			dependencies = (
			);
			name = PracticeFlux;
			productName = PracticeFlux;
			productReference = AF3785DD25A7388A0077C94C /* PracticeFlux.app */;
			productType = "com.apple.product-type.application";
		};
		AF3785F525A7388B0077C94C /* PracticeFluxTests */ = {
			isa = PBXNativeTarget;
			buildConfigurationList = AF37860D25A7388B0077C94C /* Build configuration list for PBXNativeTarget "PracticeFluxTests" */;
			buildPhases = (
				AF3785F225A7388B0077C94C /* Sources */,
				AF3785F325A7388B0077C94C /* Frameworks */,
				AF3785F425A7388B0077C94C /* Resources */,
			);
			buildRules = (
			);
			dependencies = (
				AF3785F825A7388B0077C94C /* PBXTargetDependency */,
			);
			name = PracticeFluxTests;
			productName = PracticeFluxTests;
			productReference = AF3785F625A7388B0077C94C /* PracticeFluxTests.xctest */;
			productType = "com.apple.product-type.bundle.unit-test";
		};
		AF37860025A7388B0077C94C /* PracticeFluxUITests */ = {
			isa = PBXNativeTarget;
			buildConfigurationList = AF37861025A7388B0077C94C /* Build configuration list for PBXNativeTarget "PracticeFluxUITests" */;
			buildPhases = (
				AF3785FD25A7388B0077C94C /* Sources */,
				AF3785FE25A7388B0077C94C /* Frameworks */,
				AF3785FF25A7388B0077C94C /* Resources */,
			);
			buildRules = (
			);
			dependencies = (
				AF37860325A7388B0077C94C /* PBXTargetDependency */,
			);
			name = PracticeFluxUITests;
			productName = PracticeFluxUITests;
			productReference = AF37860125A7388B0077C94C /* PracticeFluxUITests.xctest */;
			productType = "com.apple.product-type.bundle.ui-testing";
		};
/* End PBXNativeTarget section */

/* Begin PBXProject section */
		AF3785D525A7388A0077C94C /* Project object */ = {
			isa = PBXProject;
			attributes = {
				LastSwiftUpdateCheck = 1150;
				LastUpgradeCheck = 1150;
				ORGANIZATIONNAME = "河明宗";
				TargetAttributes = {
					AF3785DC25A7388A0077C94C = {
						CreatedOnToolsVersion = 11.5;
					};
					AF3785F525A7388B0077C94C = {
						CreatedOnToolsVersion = 11.5;
						TestTargetID = AF3785DC25A7388A0077C94C;
					};
					AF37860025A7388B0077C94C = {
						CreatedOnToolsVersion = 11.5;
						TestTargetID = AF3785DC25A7388A0077C94C;
					};
				};
			};
			buildConfigurationList = AF3785D825A7388A0077C94C /* Build configuration list for PBXProject "PracticeFlux" */;
			compatibilityVersion = "Xcode 9.3";
			developmentRegion = en;
			hasScannedForEncodings = 0;
			knownRegions = (
				en,
				Base,
			);
			mainGroup = AF3785D425A7388A0077C94C;
			productRefGroup = AF3785DE25A7388A0077C94C /* Products */;
			projectDirPath = "";
			projectRoot = "";
			targets = (
				AF3785DC25A7388A0077C94C /* PracticeFlux */,
				AF3785F525A7388B0077C94C /* PracticeFluxTests */,
				AF37860025A7388B0077C94C /* PracticeFluxUITests */,
			);
		};
/* End PBXProject section */

/* Begin PBXResourcesBuildPhase section */
		AF3785DB25A7388A0077C94C /* Resources */ = {
			isa = PBXResourcesBuildPhase;
			buildActionMask = 2147483647;
			files = (
				AF3785F025A7388B0077C94C /* LaunchScreen.storyboard in Resources */,
				AF3785ED25A7388B0077C94C /* Assets.xcassets in Resources */,
			);
			runOnlyForDeploymentPostprocessing = 0;
		};
		AF3785F425A7388B0077C94C /* Resources */ = {
			isa = PBXResourcesBuildPhase;
			buildActionMask = 2147483647;
			files = (
			);
			runOnlyForDeploymentPostprocessing = 0;
		};
		AF3785FF25A7388B0077C94C /* Resources */ = {
			isa = PBXResourcesBuildPhase;
			buildActionMask = 2147483647;
			files = (
			);
			runOnlyForDeploymentPostprocessing = 0;
		};
/* End PBXResourcesBuildPhase section */

/* Begin PBXSourcesBuildPhase section */
		AF3785D925A7388A0077C94C /* Sources */ = {
			isa = PBXSourcesBuildPhase;
			buildActionMask = 2147483647;
			files = (
				AF3785E525A7388A0077C94C /* ViewController.swift in Sources */,
				AF3785E125A7388A0077C94C /* AppDelegate.swift in Sources */,
				AF3785E325A7388A0077C94C /* SceneDelegate.swift in Sources */,
				AF3785EB25A7388A0077C94C /* PracticeFlux.xcdatamodeld in Sources */,
			);
			runOnlyForDeploymentPostprocessing = 0;
		};
		AF3785F225A7388B0077C94C /* Sources */ = {
			isa = PBXSourcesBuildPhase;
			buildActionMask = 2147483647;
			files = (
				AF3785FB25A7388B0077C94C /* PracticeFluxTests.swift in Sources */,
			);
			runOnlyForDeploymentPostprocessing = 0;
		};
		AF3785FD25A7388B0077C94C /* Sources */ = {
			isa = PBXSourcesBuildPhase;
			buildActionMask = 2147483647;
			files = (
				AF37860625A7388B0077C94C /* PracticeFluxUITests.swift in Sources */,
			);
			runOnlyForDeploymentPostprocessing = 0;
		};
/* End PBXSourcesBuildPhase section */

/* Begin PBXTargetDependency section */
		AF3785F825A7388B0077C94C /* PBXTargetDependency */ = {
			isa = PBXTargetDependency;
			target = AF3785DC25A7388A0077C94C /* PracticeFlux */;
			targetProxy = AF3785F725A7388B0077C94C /* PBXContainerItemProxy */;
		};
		AF37860325A7388B0077C94C /* PBXTargetDependency */ = {
			isa = PBXTargetDependency;
			target = AF3785DC25A7388A0077C94C /* PracticeFlux */;
			targetProxy = AF37860225A7388B0077C94C /* PBXContainerItemProxy */;
		};
/* End PBXTargetDependency section */

/* Begin PBXVariantGroup section */
		AF3785EE25A7388B0077C94C /* LaunchScreen.storyboard */ = {
			isa = PBXVariantGroup;
			children = (
				AF3785EF25A7388B0077C94C /* Base */,
			);
			name = LaunchScreen.storyboard;
			sourceTree = "<group>";
		};
/* End PBXVariantGroup section */

/* Begin XCBuildConfiguration section */
		AF37860825A7388B0077C94C /* Debug */ = {
			isa = XCBuildConfiguration;
			buildSettings = {
				ALWAYS_SEARCH_USER_PATHS = NO;
				CLANG_ANALYZER_NONNULL = YES;
				CLANG_ANALYZER_NUMBER_OBJECT_CONVERSION = YES_AGGRESSIVE;
				CLANG_CXX_LANGUAGE_STANDARD = "gnu++14";
				CLANG_CXX_LIBRARY = "libc++";
				CLANG_ENABLE_MODULES = YES;
				CLANG_ENABLE_OBJC_ARC = YES;
				CLANG_ENABLE_OBJC_WEAK = YES;
				CLANG_WARN_BLOCK_CAPTURE_AUTORELEASING = YES;
				CLANG_WARN_BOOL_CONVERSION = YES;
				CLANG_WARN_COMMA = YES;
				CLANG_WARN_CONSTANT_CONVERSION = YES;
				CLANG_WARN_DEPRECATED_OBJC_IMPLEMENTATIONS = YES;
				CLANG_WARN_DIRECT_OBJC_ISA_USAGE = YES_ERROR;
				CLANG_WARN_DOCUMENTATION_COMMENTS = YES;
				CLANG_WARN_EMPTY_BODY = YES;
				CLANG_WARN_ENUM_CONVERSION = YES;
				CLANG_WARN_INFINITE_RECURSION = YES;
				CLANG_WARN_INT_CONVERSION = YES;
				CLANG_WARN_NON_LITERAL_NULL_CONVERSION = YES;
				CLANG_WARN_OBJC_IMPLICIT_RETAIN_SELF = YES;
				CLANG_WARN_OBJC_LITERAL_CONVERSION = YES;
				CLANG_WARN_OBJC_ROOT_CLASS = YES_ERROR;
				CLANG_WARN_RANGE_LOOP_ANALYSIS = YES;
				CLANG_WARN_STRICT_PROTOTYPES = YES;
				CLANG_WARN_SUSPICIOUS_MOVE = YES;
				CLANG_WARN_UNGUARDED_AVAILABILITY = YES_AGGRESSIVE;
				CLANG_WARN_UNREACHABLE_CODE = YES;
				CLANG_WARN__DUPLICATE_METHOD_MATCH = YES;
				COPY_PHASE_STRIP = NO;
				DEBUG_INFORMATION_FORMAT = dwarf;
				ENABLE_STRICT_OBJC_MSGSEND = YES;
				ENABLE_TESTABILITY = YES;
				GCC_C_LANGUAGE_STANDARD = gnu11;
				GCC_DYNAMIC_NO_PIC = NO;
				GCC_NO_COMMON_BLOCKS = YES;
				GCC_OPTIMIZATION_LEVEL = 0;
				GCC_PREPROCESSOR_DEFINITIONS = (
					"DEBUG=1",
					"$(inherited)",
				);
				GCC_WARN_64_TO_32_BIT_CONVERSION = YES;
				GCC_WARN_ABOUT_RETURN_TYPE = YES_ERROR;
				GCC_WARN_UNDECLARED_SELECTOR = YES;
				GCC_WARN_UNINITIALIZED_AUTOS = YES_AGGRESSIVE;
				GCC_WARN_UNUSED_FUNCTION = YES;
				GCC_WARN_UNUSED_VARIABLE = YES;
				IPHONEOS_DEPLOYMENT_TARGET = 13.5;
				MTL_ENABLE_DEBUG_INFO = INCLUDE_SOURCE;
				MTL_FAST_MATH = YES;
				ONLY_ACTIVE_ARCH = YES;
				SDKROOT = iphoneos;
				SWIFT_ACTIVE_COMPILATION_CONDITIONS = DEBUG;
				SWIFT_OPTIMIZATION_LEVEL = "-Onone";
			};
			name = Debug;
		};
		AF37860925A7388B0077C94C /* Release */ = {
			isa = XCBuildConfiguration;
			buildSettings = {
				ALWAYS_SEARCH_USER_PATHS = NO;
				CLANG_ANALYZER_NONNULL = YES;
				CLANG_ANALYZER_NUMBER_OBJECT_CONVERSION = YES_AGGRESSIVE;
				CLANG_CXX_LANGUAGE_STANDARD = "gnu++14";
				CLANG_CXX_LIBRARY = "libc++";
				CLANG_ENABLE_MODULES = YES;
				CLANG_ENABLE_OBJC_ARC = YES;
				CLANG_ENABLE_OBJC_WEAK = YES;
				CLANG_WARN_BLOCK_CAPTURE_AUTORELEASING = YES;
				CLANG_WARN_BOOL_CONVERSION = YES;
				CLANG_WARN_COMMA = YES;
				CLANG_WARN_CONSTANT_CONVERSION = YES;
				CLANG_WARN_DEPRECATED_OBJC_IMPLEMENTATIONS = YES;
				CLANG_WARN_DIRECT_OBJC_ISA_USAGE = YES_ERROR;
				CLANG_WARN_DOCUMENTATION_COMMENTS = YES;
				CLANG_WARN_EMPTY_BODY = YES;
				CLANG_WARN_ENUM_CONVERSION = YES;
				CLANG_WARN_INFINITE_RECURSION = YES;
				CLANG_WARN_INT_CONVERSION = YES;
				CLANG_WARN_NON_LITERAL_NULL_CONVERSION = YES;
				CLANG_WARN_OBJC_IMPLICIT_RETAIN_SELF = YES;
				CLANG_WARN_OBJC_LITERAL_CONVERSION = YES;
				CLANG_WARN_OBJC_ROOT_CLASS = YES_ERROR;
				CLANG_WARN_RANGE_LOOP_ANALYSIS = YES;
				CLANG_WARN_STRICT_PROTOTYPES = YES;
				CLANG_WARN_SUSPICIOUS_MOVE = YES;
				CLANG_WARN_UNGUARDED_AVAILABILITY = YES_AGGRESSIVE;
				CLANG_WARN_UNREACHABLE_CODE = YES;
				CLANG_WARN__DUPLICATE_METHOD_MATCH = YES;
				COPY_PHASE_STRIP = NO;
				DEBUG_INFORMATION_FORMAT = "dwarf-with-dsym";
				ENABLE_NS_ASSERTIONS = NO;
				ENABLE_STRICT_OBJC_MSGSEND = YES;
				GCC_C_LANGUAGE_STANDARD = gnu11;
				GCC_NO_COMMON_BLOCKS = YES;
				GCC_WARN_64_TO_32_BIT_CONVERSION = YES;
				GCC_WARN_ABOUT_RETURN_TYPE = YES_ERROR;
				GCC_WARN_UNDECLARED_SELECTOR = YES;
				GCC_WARN_UNINITIALIZED_AUTOS = YES_AGGRESSIVE;
				GCC_WARN_UNUSED_FUNCTION = YES;
				GCC_WARN_UNUSED_VARIABLE = YES;
				IPHONEOS_DEPLOYMENT_TARGET = 13.5;
				MTL_ENABLE_DEBUG_INFO = NO;
				MTL_FAST_MATH = YES;
				SDKROOT = iphoneos;
				SWIFT_COMPILATION_MODE = wholemodule;
				SWIFT_OPTIMIZATION_LEVEL = "-O";
				VALIDATE_PRODUCT = YES;
			};
			name = Release;
		};
		AF37860B25A7388B0077C94C /* Debug */ = {
			isa = XCBuildConfiguration;
			buildSettings = {
				ASSETCATALOG_COMPILER_APPICON_NAME = AppIcon;
				CODE_SIGN_STYLE = Automatic;
				INFOPLIST_FILE = PracticeFlux/Info.plist;
				LD_RUNPATH_SEARCH_PATHS = (
					"$(inherited)",
					"@executable_path/Frameworks",
				);
				PRODUCT_BUNDLE_IDENTIFIER = AkimuneKawa.PracticeFlux;
				PRODUCT_NAME = "$(TARGET_NAME)";
				SWIFT_VERSION = 5.0;
				TARGETED_DEVICE_FAMILY = "1,2";
			};
			name = Debug;
		};
		AF37860C25A7388B0077C94C /* Release */ = {
			isa = XCBuildConfiguration;
			buildSettings = {
				ASSETCATALOG_COMPILER_APPICON_NAME = AppIcon;
				CODE_SIGN_STYLE = Automatic;
				INFOPLIST_FILE = PracticeFlux/Info.plist;
				LD_RUNPATH_SEARCH_PATHS = (
					"$(inherited)",
					"@executable_path/Frameworks",
				);
				PRODUCT_BUNDLE_IDENTIFIER = AkimuneKawa.PracticeFlux;
				PRODUCT_NAME = "$(TARGET_NAME)";
				SWIFT_VERSION = 5.0;
				TARGETED_DEVICE_FAMILY = "1,2";
			};
			name = Release;
		};
		AF37860E25A7388B0077C94C /* Debug */ = {
			isa = XCBuildConfiguration;
			buildSettings = {
				ALWAYS_EMBED_SWIFT_STANDARD_LIBRARIES = YES;
				BUNDLE_LOADER = "$(TEST_HOST)";
				CODE_SIGN_STYLE = Automatic;
				INFOPLIST_FILE = PracticeFluxTests/Info.plist;
				IPHONEOS_DEPLOYMENT_TARGET = 13.5;
				LD_RUNPATH_SEARCH_PATHS = (
					"$(inherited)",
					"@executable_path/Frameworks",
					"@loader_path/Frameworks",
				);
				PRODUCT_BUNDLE_IDENTIFIER = AkimuneKawa.PracticeFluxTests;
				PRODUCT_NAME = "$(TARGET_NAME)";
				SWIFT_VERSION = 5.0;
				TARGETED_DEVICE_FAMILY = "1,2";
				TEST_HOST = "$(BUILT_PRODUCTS_DIR)/PracticeFlux.app/PracticeFlux";
			};
			name = Debug;
		};
		AF37860F25A7388B0077C94C /* Release */ = {
			isa = XCBuildConfiguration;
			buildSettings = {
				ALWAYS_EMBED_SWIFT_STANDARD_LIBRARIES = YES;
				BUNDLE_LOADER = "$(TEST_HOST)";
				CODE_SIGN_STYLE = Automatic;
				INFOPLIST_FILE = PracticeFluxTests/Info.plist;
				IPHONEOS_DEPLOYMENT_TARGET = 13.5;
				LD_RUNPATH_SEARCH_PATHS = (
					"$(inherited)",
					"@executable_path/Frameworks",
					"@loader_path/Frameworks",
				);
				PRODUCT_BUNDLE_IDENTIFIER = AkimuneKawa.PracticeFluxTests;
				PRODUCT_NAME = "$(TARGET_NAME)";
				SWIFT_VERSION = 5.0;
				TARGETED_DEVICE_FAMILY = "1,2";
				TEST_HOST = "$(BUILT_PRODUCTS_DIR)/PracticeFlux.app/PracticeFlux";
			};
			name = Release;
		};
		AF37861125A7388B0077C94C /* Debug */ = {
			isa = XCBuildConfiguration;
			buildSettings = {
				ALWAYS_EMBED_SWIFT_STANDARD_LIBRARIES = YES;
				CODE_SIGN_STYLE = Automatic;
				INFOPLIST_FILE = PracticeFluxUITests/Info.plist;
				LD_RUNPATH_SEARCH_PATHS = (
					"$(inherited)",
					"@executable_path/Frameworks",
					"@loader_path/Frameworks",
				);
				PRODUCT_BUNDLE_IDENTIFIER = AkimuneKawa.PracticeFluxUITests;
				PRODUCT_NAME = "$(TARGET_NAME)";
				SWIFT_VERSION = 5.0;
				TARGETED_DEVICE_FAMILY = "1,2";
				TEST_TARGET_NAME = PracticeFlux;
			};
			name = Debug;
		};
		AF37861225A7388B0077C94C /* Release */ = {
			isa = XCBuildConfiguration;
			buildSettings = {
				ALWAYS_EMBED_SWIFT_STANDARD_LIBRARIES = YES;
				CODE_SIGN_STYLE = Automatic;
				INFOPLIST_FILE = PracticeFluxUITests/Info.plist;
				LD_RUNPATH_SEARCH_PATHS = (
					"$(inherited)",
					"@executable_path/Frameworks",
					"@loader_path/Frameworks",
				);
				PRODUCT_BUNDLE_IDENTIFIER = AkimuneKawa.PracticeFluxUITests;
				PRODUCT_NAME = "$(TARGET_NAME)";
				SWIFT_VERSION = 5.0;
				TARGETED_DEVICE_FAMILY = "1,2";
				TEST_TARGET_NAME = PracticeFlux;
			};
			name = Release;
		};
/* End XCBuildConfiguration section */

/* Begin XCConfigurationList section */
		AF3785D825A7388A0077C94C /* Build configuration list for PBXProject "PracticeFlux" */ = {
			isa = XCConfigurationList;
			buildConfigurations = (
				AF37860825A7388B0077C94C /* Debug */,
				AF37860925A7388B0077C94C /* Release */,
			);
			defaultConfigurationIsVisible = 0;
			defaultConfigurationName = Release;
		};
		AF37860A25A7388B0077C94C /* Build configuration list for PBXNativeTarget "PracticeFlux" */ = {
			isa = XCConfigurationList;
			buildConfigurations = (
				AF37860B25A7388B0077C94C /* Debug */,
				AF37860C25A7388B0077C94C /* Release */,
			);
			defaultConfigurationIsVisible = 0;
			defaultConfigurationName = Release;
		};
		AF37860D25A7388B0077C94C /* Build configuration list for PBXNativeTarget "PracticeFluxTests" */ = {
			isa = XCConfigurationList;
			buildConfigurations = (
				AF37860E25A7388B0077C94C /* Debug */,
				AF37860F25A7388B0077C94C /* Release */,
			);
			defaultConfigurationIsVisible = 0;
			defaultConfigurationName = Release;
		};
		AF37861025A7388B0077C94C /* Build configuration list for PBXNativeTarget "PracticeFluxUITests" */ = {
			isa = XCConfigurationList;
			buildConfigurations = (
				AF37861125A7388B0077C94C /* Debug */,
				AF37861225A7388B0077C94C /* Release */,
			);
			defaultConfigurationIsVisible = 0;
			defaultConfigurationName = Release;
		};
/* End XCConfigurationList section */

/* Begin XCVersionGroup section */
		AF3785E925A7388A0077C94C /* PracticeFlux.xcdatamodeld */ = {
			isa = XCVersionGroup;
			children = (
				AF3785EA25A7388A0077C94C /* PracticeFlux.xcdatamodel */,
			);
			currentVersion = AF3785EA25A7388A0077C94C /* PracticeFlux.xcdatamodel */;
			path = PracticeFlux.xcdatamodeld;
			sourceTree = "<group>";
			versionGroupType = wrapper.xcdatamodel;
		};
/* End XCVersionGroup section */
	};
	rootObject = AF3785D525A7388A0077C94C /* Project object */;
}
